
Microsoft Visual Studio Solution File, Format Version 12.00
# Visual Studio Version 16
VisualStudioVersion = 16.0.30406.217
MinimumVisualStudioVersion = 10.0.40219.1
Project("{9A19103F-16F7-4668-BE54-9A1E7A4F7556}") = "CMSBussiness", "CMSBussiness\CMSBussiness.csproj", "{3BDF5426-867C-4209-8D69-3BE5113535BD}"
EndProject
Project("{9A19103F-16F7-4668-BE54-9A1E7A4F7556}") = "CMSSite", "CMSSite\CMSSite.csproj", "{87F8D69B-F31B-430A-9D7D-05B3C60AF7AE}"
EndProject
Project("{9A19103F-16F7-4668-BE54-9A1E7A4F7556}") = "CMSModel", "CMSModel\CMSModel.csproj", "{2BC98472-C2FC-44BC-8610-95EFAA015A99}"
EndProject
Global
	GlobalSection(SolutionConfigurationPlatforms) = preSolution
		Debug|Any CPU = Debug|Any CPU
		Release|Any CPU = Release|Any CPU
	EndGlobalSection
	GlobalSection(ProjectConfigurationPlatforms) = postSolution
		{3BDF5426-867C-4209-8D69-3BE5113535BD}.Debug|Any CPU.ActiveCfg = Debug|Any CPU
		{3BDF5426-867C-4209-8D69-3BE5113535BD}.Debug|Any CPU.Build.0 = Debug|Any CPU
		{3BDF5426-867C-4209-8D69-3BE5113535BD}.Release|Any CPU.ActiveCfg = Release|Any CPU
		{3BDF5426-867C-4209-8D69-3BE5113535BD}.Release|Any CPU.Build.0 = Release|Any CPU
		{87F8D69B-F31B-430A-9D7D-05B3C60AF7AE}.Debug|Any CPU.ActiveCfg = Debug|Any CPU
		{87F8D69B-F31B-430A-9D7D-05B3C60AF7AE}.Debug|Any CPU.Build.0 = Debug|Any CPU
		{87F8D69B-F31B-430A-9D7D-05B3C60AF7AE}.Release|Any CPU.ActiveCfg = Release|Any CPU
		{87F8D69B-F31B-430A-9D7D-05B3C60AF7AE}.Release|Any CPU.Build.0 = Release|Any CPU
		{2BC98472-C2FC-44BC-8610-95EFAA015A99}.Debug|Any CPU.ActiveCfg = Debug|Any CPU
		{2BC98472-C2FC-44BC-8610-95EFAA015A99}.Debug|Any CPU.Build.0 = Debug|Any CPU
		{2BC98472-C2FC-44BC-8610-95EFAA015A99}.Release|Any CPU.ActiveCfg = Release|Any CPU
		{2BC98472-C2FC-44BC-8610-95EFAA015A99}.Release|Any CPU.Build.0 = Release|Any CPU
	EndGlobalSection
	GlobalSection(SolutionProperties) = preSolution
		HideSolutionNode = FALSE
	EndGlobalSection
	GlobalSection(ExtensibilityGlobals) = postSolution
		SolutionGuid = {B573B125-6B12-431A-9B51-D361AD808554}
	EndGlobalSection
EndGlobal
